// !$*UTF8*$!
{
	archiveVersion = 1;
	classes = {
	};
	objectVersion = 51;
	objects = {

/* Begin PBXBuildFile section */
		35AA0BA6E63CD55F840CCC74 /* Pods_SubManage.framework in Frameworks */ = {isa = PBXBuildFile; fileRef = A097A68292DEBAF6285EE3D8 /* Pods_SubManage.framework */; };
		65FC2B1F4D04BE761894D314 /* Pods_SubManage_SubManageUITests.framework in Frameworks */ = {isa = PBXBuildFile; fileRef = EF8DF756A38F2BC9AB87B10A /* Pods_SubManage_SubManageUITests.framework */; };
		9928A5BCA317C387D614E019 /* Pods_SubManageTests.framework in Frameworks */ = {isa = PBXBuildFile; fileRef = EA441820867430DBA2E67316 /* Pods_SubManageTests.framework */; };
		AC3C46C8251C84A400D9200A /* AppDelegate.swift in Sources */ = {isa = PBXBuildFile; fileRef = AC3C46C7251C84A400D9200A /* AppDelegate.swift */; };
		AC3C46CA251C84A400D9200A /* SceneDelegate.swift in Sources */ = {isa = PBXBuildFile; fileRef = AC3C46C9251C84A400D9200A /* SceneDelegate.swift */; };
		AC3C46CC251C84A400D9200A /* ViewController.swift in Sources */ = {isa = PBXBuildFile; fileRef = AC3C46CB251C84A400D9200A /* ViewController.swift */; };
		AC3C46CF251C84A400D9200A /* Main.storyboard in Resources */ = {isa = PBXBuildFile; fileRef = AC3C46CD251C84A400D9200A /* Main.storyboard */; };
		AC3C46D1251C84A500D9200A /* Assets.xcassets in Resources */ = {isa = PBXBuildFile; fileRef = AC3C46D0251C84A500D9200A /* Assets.xcassets */; };
		AC3C46D4251C84A500D9200A /* LaunchScreen.storyboard in Resources */ = {isa = PBXBuildFile; fileRef = AC3C46D2251C84A500D9200A /* LaunchScreen.storyboard */; };
		AC3C46DF251C84A500D9200A /* SubManageTests.swift in Sources */ = {isa = PBXBuildFile; fileRef = AC3C46DE251C84A500D9200A /* SubManageTests.swift */; };
		AC3C46EA251C84A500D9200A /* SubManageUITests.swift in Sources */ = {isa = PBXBuildFile; fileRef = AC3C46E9251C84A500D9200A /* SubManageUITests.swift */; };
/* End PBXBuildFile section */

/* Begin PBXContainerItemProxy section */
		AC3C46DB251C84A500D9200A /* PBXContainerItemProxy */ = {
			isa = PBXContainerItemProxy;
			containerPortal = AC3C46BC251C84A400D9200A /* Project object */;
			proxyType = 1;
			remoteGlobalIDString = AC3C46C3251C84A400D9200A;
			remoteInfo = SubManage;
		};
		AC3C46E6251C84A500D9200A /* PBXContainerItemProxy */ = {
			isa = PBXContainerItemProxy;
			containerPortal = AC3C46BC251C84A400D9200A /* Project object */;
			proxyType = 1;
			remoteGlobalIDString = AC3C46C3251C84A400D9200A;
			remoteInfo = SubManage;
		};
/* End PBXContainerItemProxy section */

/* Begin PBXFileReference section */
		03677B1E89E4C49768EB079B /* Pods-SubManage.release.xcconfig */ = {isa = PBXFileReference; includeInIndex = 1; lastKnownFileType = text.xcconfig; name = "Pods-SubManage.release.xcconfig"; path = "Target Support Files/Pods-SubManage/Pods-SubManage.release.xcconfig"; sourceTree = "<group>"; };
		05CF27F7AC2C64E5541E2BF5 /* Pods-SubManage-SubManageUITests.release.xcconfig */ = {isa = PBXFileReference; includeInIndex = 1; lastKnownFileType = text.xcconfig; name = "Pods-SubManage-SubManageUITests.release.xcconfig"; path = "Target Support Files/Pods-SubManage-SubManageUITests/Pods-SubManage-SubManageUITests.release.xcconfig"; sourceTree = "<group>"; };
		1774DFB4F589CC2241ED7906 /* Pods-SubManage-SubManageUITests.debug.xcconfig */ = {isa = PBXFileReference; includeInIndex = 1; lastKnownFileType = text.xcconfig; name = "Pods-SubManage-SubManageUITests.debug.xcconfig"; path = "Target Support Files/Pods-SubManage-SubManageUITests/Pods-SubManage-SubManageUITests.debug.xcconfig"; sourceTree = "<group>"; };
		621D2EA3E9E4F1A773B4DA17 /* Pods-SubManageTests.debug.xcconfig */ = {isa = PBXFileReference; includeInIndex = 1; lastKnownFileType = text.xcconfig; name = "Pods-SubManageTests.debug.xcconfig"; path = "Target Support Files/Pods-SubManageTests/Pods-SubManageTests.debug.xcconfig"; sourceTree = "<group>"; };
		81CDFF45B9A8422221E76839 /* Pods-SubManageTests.release.xcconfig */ = {isa = PBXFileReference; includeInIndex = 1; lastKnownFileType = text.xcconfig; name = "Pods-SubManageTests.release.xcconfig"; path = "Target Support Files/Pods-SubManageTests/Pods-SubManageTests.release.xcconfig"; sourceTree = "<group>"; };
		A097A68292DEBAF6285EE3D8 /* Pods_SubManage.framework */ = {isa = PBXFileReference; explicitFileType = wrapper.framework; includeInIndex = 0; path = Pods_SubManage.framework; sourceTree = BUILT_PRODUCTS_DIR; };
		AC3C46C4251C84A400D9200A /* SubManage.app */ = {isa = PBXFileReference; explicitFileType = wrapper.application; includeInIndex = 0; path = SubManage.app; sourceTree = BUILT_PRODUCTS_DIR; };
		AC3C46C7251C84A400D9200A /* AppDelegate.swift */ = {isa = PBXFileReference; lastKnownFileType = sourcecode.swift; path = AppDelegate.swift; sourceTree = "<group>"; };
		AC3C46C9251C84A400D9200A /* SceneDelegate.swift */ = {isa = PBXFileReference; lastKnownFileType = sourcecode.swift; path = SceneDelegate.swift; sourceTree = "<group>"; };
		AC3C46CB251C84A400D9200A /* ViewController.swift */ = {isa = PBXFileReference; lastKnownFileType = sourcecode.swift; path = ViewController.swift; sourceTree = "<group>"; };
		AC3C46CE251C84A400D9200A /* Base */ = {isa = PBXFileReference; lastKnownFileType = file.storyboard; name = Base; path = Base.lproj/Main.storyboard; sourceTree = "<group>"; };
		AC3C46D0251C84A500D9200A /* Assets.xcassets */ = {isa = PBXFileReference; lastKnownFileType = folder.assetcatalog; path = Assets.xcassets; sourceTree = "<group>"; };
		AC3C46D3251C84A500D9200A /* Base */ = {isa = PBXFileReference; lastKnownFileType = file.storyboard; name = Base; path = Base.lproj/LaunchScreen.storyboard; sourceTree = "<group>"; };
		AC3C46D5251C84A500D9200A /* Info.plist */ = {isa = PBXFileReference; lastKnownFileType = text.plist.xml; path = Info.plist; sourceTree = "<group>"; };
		AC3C46DA251C84A500D9200A /* SubManageTests.xctest */ = {isa = PBXFileReference; explicitFileType = wrapper.cfbundle; includeInIndex = 0; path = SubManageTests.xctest; sourceTree = BUILT_PRODUCTS_DIR; };
		AC3C46DE251C84A500D9200A /* SubManageTests.swift */ = {isa = PBXFileReference; lastKnownFileType = sourcecode.swift; path = SubManageTests.swift; sourceTree = "<group>"; };
		AC3C46E0251C84A500D9200A /* Info.plist */ = {isa = PBXFileReference; lastKnownFileType = text.plist.xml; path = Info.plist; sourceTree = "<group>"; };
		AC3C46E5251C84A500D9200A /* SubManageUITests.xctest */ = {isa = PBXFileReference; explicitFileType = wrapper.cfbundle; includeInIndex = 0; path = SubManageUITests.xctest; sourceTree = BUILT_PRODUCTS_DIR; };
		AC3C46E9251C84A500D9200A /* SubManageUITests.swift */ = {isa = PBXFileReference; lastKnownFileType = sourcecode.swift; path = SubManageUITests.swift; sourceTree = "<group>"; };
		AC3C46EB251C84A500D9200A /* Info.plist */ = {isa = PBXFileReference; lastKnownFileType = text.plist.xml; path = Info.plist; sourceTree = "<group>"; };
		BE006C150F17C6BB21D9F870 /* Pods-SubManage.debug.xcconfig */ = {isa = PBXFileReference; includeInIndex = 1; lastKnownFileType = text.xcconfig; name = "Pods-SubManage.debug.xcconfig"; path = "Target Support Files/Pods-SubManage/Pods-SubManage.debug.xcconfig"; sourceTree = "<group>"; };
		EA441820867430DBA2E67316 /* Pods_SubManageTests.framework */ = {isa = PBXFileReference; explicitFileType = wrapper.framework; includeInIndex = 0; path = Pods_SubManageTests.framework; sourceTree = BUILT_PRODUCTS_DIR; };
		EF8DF756A38F2BC9AB87B10A /* Pods_SubManage_SubManageUITests.framework */ = {isa = PBXFileReference; explicitFileType = wrapper.framework; includeInIndex = 0; path = Pods_SubManage_SubManageUITests.framework; sourceTree = BUILT_PRODUCTS_DIR; };
/* End PBXFileReference section */

/* Begin PBXFrameworksBuildPhase section */
		AC3C46C1251C84A400D9200A /* Frameworks */ = {
			isa = PBXFrameworksBuildPhase;
			buildActionMask = 2147483647;
			files = (
				35AA0BA6E63CD55F840CCC74 /* Pods_SubManage.framework in Frameworks */,
			);
			runOnlyForDeploymentPostprocessing = 0;
		};
		AC3C46D7251C84A500D9200A /* Frameworks */ = {
			isa = PBXFrameworksBuildPhase;
			buildActionMask = 2147483647;
			files = (
				9928A5BCA317C387D614E019 /* Pods_SubManageTests.framework in Frameworks */,
			);
			runOnlyForDeploymentPostprocessing = 0;
		};
		AC3C46E2251C84A500D9200A /* Frameworks */ = {
			isa = PBXFrameworksBuildPhase;
			buildActionMask = 2147483647;
			files = (
				65FC2B1F4D04BE761894D314 /* Pods_SubManage_SubManageUITests.framework in Frameworks */,
			);
			runOnlyForDeploymentPostprocessing = 0;
		};
/* End PBXFrameworksBuildPhase section */

/* Begin PBXGroup section */
		1A9361C97920F9B452579582 /* Frameworks */ = {
			isa = PBXGroup;
			children = (
				A097A68292DEBAF6285EE3D8 /* Pods_SubManage.framework */,
				EF8DF756A38F2BC9AB87B10A /* Pods_SubManage_SubManageUITests.framework */,
				EA441820867430DBA2E67316 /* Pods_SubManageTests.framework */,
			);
			name = Frameworks;
			sourceTree = "<group>";
		};
		AC3C46BB251C84A400D9200A = {
			isa = PBXGroup;
			children = (
				AC3C46C6251C84A400D9200A /* SubManage */,
				AC3C46DD251C84A500D9200A /* SubManageTests */,
				AC3C46E8251C84A500D9200A /* SubManageUITests */,
				AC3C46C5251C84A400D9200A /* Products */,
				FEBB458B25DE834E9B82FBBA /* Pods */,
				1A9361C97920F9B452579582 /* Frameworks */,
			);
			sourceTree = "<group>";
		};
		AC3C46C5251C84A400D9200A /* Products */ = {
			isa = PBXGroup;
			children = (
				AC3C46C4251C84A400D9200A /* SubManage.app */,
				AC3C46DA251C84A500D9200A /* SubManageTests.xctest */,
				AC3C46E5251C84A500D9200A /* SubManageUITests.xctest */,
			);
			name = Products;
			sourceTree = "<group>";
		};
		AC3C46C6251C84A400D9200A /* SubManage */ = {
			isa = PBXGroup;
			children = (
				AC7A380C251CAADA0020F6F3 /* Controllers */,
				AC3C46C7251C84A400D9200A /* AppDelegate.swift */,
				AC3C46C9251C84A400D9200A /* SceneDelegate.swift */,
				AC3C46CD251C84A400D9200A /* Main.storyboard */,
				AC3C46D0251C84A500D9200A /* Assets.xcassets */,
				AC3C46D2251C84A500D9200A /* LaunchScreen.storyboard */,
				AC3C46D5251C84A500D9200A /* Info.plist */,
			);
			path = SubManage;
			sourceTree = "<group>";
		};
		AC3C46DD251C84A500D9200A /* SubManageTests */ = {
			isa = PBXGroup;
			children = (
				AC3C46DE251C84A500D9200A /* SubManageTests.swift */,
				AC3C46E0251C84A500D9200A /* Info.plist */,
			);
			path = SubManageTests;
			sourceTree = "<group>";
		};
		AC3C46E8251C84A500D9200A /* SubManageUITests */ = {
			isa = PBXGroup;
			children = (
				AC3C46E9251C84A500D9200A /* SubManageUITests.swift */,
				AC3C46EB251C84A500D9200A /* Info.plist */,
			);
			path = SubManageUITests;
			sourceTree = "<group>";
		};
		AC7A380C251CAADA0020F6F3 /* Controllers */ = {
			isa = PBXGroup;
			children = (
				AC3C46CB251C84A400D9200A /* ViewController.swift */,
			);
			path = Controllers;
			sourceTree = "<group>";
		};
		FEBB458B25DE834E9B82FBBA /* Pods */ = {
			isa = PBXGroup;
			children = (
				BE006C150F17C6BB21D9F870 /* Pods-SubManage.debug.xcconfig */,
				03677B1E89E4C49768EB079B /* Pods-SubManage.release.xcconfig */,
				1774DFB4F589CC2241ED7906 /* Pods-SubManage-SubManageUITests.debug.xcconfig */,
				05CF27F7AC2C64E5541E2BF5 /* Pods-SubManage-SubManageUITests.release.xcconfig */,
				621D2EA3E9E4F1A773B4DA17 /* Pods-SubManageTests.debug.xcconfig */,
				81CDFF45B9A8422221E76839 /* Pods-SubManageTests.release.xcconfig */,
			);
			path = Pods;
			sourceTree = "<group>";
		};
/* End PBXGroup section */

/* Begin PBXNativeTarget section */
		AC3C46C3251C84A400D9200A /* SubManage */ = {
			isa = PBXNativeTarget;
			buildConfigurationList = AC3C46EE251C84A500D9200A /* Build configuration list for PBXNativeTarget "SubManage" */;
			buildPhases = (
				DAD2F84CEA7DE5F68D7CFA7F /* [CP] Check Pods Manifest.lock */,
				AC3C46C0251C84A400D9200A /* Sources */,
				AC3C46C1251C84A400D9200A /* Frameworks */,
				AC3C46C2251C84A400D9200A /* Resources */,
				FEBBED0A96561FF717E31400 /* [CP] Embed Pods Frameworks */,
			);
			buildRules = (
			);
			dependencies = (
			);
			name = SubManage;
			productName = SubManage;
			productReference = AC3C46C4251C84A400D9200A /* SubManage.app */;
			productType = "com.apple.product-type.application";
		};
		AC3C46D9251C84A500D9200A /* SubManageTests */ = {
			isa = PBXNativeTarget;
			buildConfigurationList = AC3C46F1251C84A500D9200A /* Build configuration list for PBXNativeTarget "SubManageTests" */;
			buildPhases = (
				7EB5DBB9436711788E589C83 /* [CP] Check Pods Manifest.lock */,
				AC3C46D6251C84A500D9200A /* Sources */,
				AC3C46D7251C84A500D9200A /* Frameworks */,
				AC3C46D8251C84A500D9200A /* Resources */,
			);
			buildRules = (
			);
			dependencies = (
				AC3C46DC251C84A500D9200A /* PBXTargetDependency */,
			);
			name = SubManageTests;
			productName = SubManageTests;
			productReference = AC3C46DA251C84A500D9200A /* SubManageTests.xctest */;
			productType = "com.apple.product-type.bundle.unit-test";
		};
		AC3C46E4251C84A500D9200A /* SubManageUITests */ = {
			isa = PBXNativeTarget;
			buildConfigurationList = AC3C46F4251C84A500D9200A /* Build configuration list for PBXNativeTarget "SubManageUITests" */;
			buildPhases = (
				2FD47F916E06194E157E560A /* [CP] Check Pods Manifest.lock */,
				AC3C46E1251C84A500D9200A /* Sources */,
				AC3C46E2251C84A500D9200A /* Frameworks */,
				AC3C46E3251C84A500D9200A /* Resources */,
				319AC60757559B8DE7DAC50D /* [CP] Embed Pods Frameworks */,
			);
			buildRules = (
			);
			dependencies = (
				AC3C46E7251C84A500D9200A /* PBXTargetDependency */,
			);
			name = SubManageUITests;
			productName = SubManageUITests;
			productReference = AC3C46E5251C84A500D9200A /* SubManageUITests.xctest */;
			productType = "com.apple.product-type.bundle.ui-testing";
		};
/* End PBXNativeTarget section */

/* Begin PBXProject section */
		AC3C46BC251C84A400D9200A /* Project object */ = {
			isa = PBXProject;
			attributes = {
				LastSwiftUpdateCheck = 1200;
				LastUpgradeCheck = 1200;
				TargetAttributes = {
					AC3C46C3251C84A400D9200A = {
						CreatedOnToolsVersion = 12.0;
					};
					AC3C46D9251C84A500D9200A = {
						CreatedOnToolsVersion = 12.0;
						TestTargetID = AC3C46C3251C84A400D9200A;
					};
					AC3C46E4251C84A500D9200A = {
						CreatedOnToolsVersion = 12.0;
						TestTargetID = AC3C46C3251C84A400D9200A;
					};
				};
			};
			buildConfigurationList = AC3C46BF251C84A400D9200A /* Build configuration list for PBXProject "SubManage" */;
			compatibilityVersion = "Xcode 9.3";
			developmentRegion = en;
			hasScannedForEncodings = 0;
			knownRegions = (
				en,
				Base,
			);
			mainGroup = AC3C46BB251C84A400D9200A;
			productRefGroup = AC3C46C5251C84A400D9200A /* Products */;
			projectDirPath = "";
			projectRoot = "";
			targets = (
				AC3C46C3251C84A400D9200A /* SubManage */,
				AC3C46D9251C84A500D9200A /* SubManageTests */,
				AC3C46E4251C84A500D9200A /* SubManageUITests */,
			);
		};
/* End PBXProject section */

/* Begin PBXResourcesBuildPhase section */
		AC3C46C2251C84A400D9200A /* Resources */ = {
			isa = PBXResourcesBuildPhase;
			buildActionMask = 2147483647;
			files = (
				AC3C46D4251C84A500D9200A /* LaunchScreen.storyboard in Resources */,
				AC3C46D1251C84A500D9200A /* Assets.xcassets in Resources */,
				AC3C46CF251C84A400D9200A /* Main.storyboard in Resources */,
			);
			runOnlyForDeploymentPostprocessing = 0;
		};
		AC3C46D8251C84A500D9200A /* Resources */ = {
			isa = PBXResourcesBuildPhase;
			buildActionMask = 2147483647;
			files = (
			);
			runOnlyForDeploymentPostprocessing = 0;
		};
		AC3C46E3251C84A500D9200A /* Resources */ = {
			isa = PBXResourcesBuildPhase;
			buildActionMask = 2147483647;
			files = (
			);
			runOnlyForDeploymentPostprocessing = 0;
		};
/* End PBXResourcesBuildPhase section */

/* Begin PBXShellScriptBuildPhase section */
		2FD47F916E06194E157E560A /* [CP] Check Pods Manifest.lock */ = {
			isa = PBXShellScriptBuildPhase;
			buildActionMask = 2147483647;
			files = (
			);
			inputFileListPaths = (
			);
			inputPaths = (
				"${PODS_PODFILE_DIR_PATH}/Podfile.lock",
				"${PODS_ROOT}/Manifest.lock",
			);
			name = "[CP] Check Pods Manifest.lock";
			outputFileListPaths = (
			);
			outputPaths = (
				"$(DERIVED_FILE_DIR)/Pods-SubManage-SubManageUITests-checkManifestLockResult.txt",
			);
			runOnlyForDeploymentPostprocessing = 0;
			shellPath = /bin/sh;
			shellScript = "diff \"${PODS_PODFILE_DIR_PATH}/Podfile.lock\" \"${PODS_ROOT}/Manifest.lock\" > /dev/null\nif [ $? != 0 ] ; then\n    # print error to STDERR\n    echo \"error: The sandbox is not in sync with the Podfile.lock. Run 'pod install' or update your CocoaPods installation.\" >&2\n    exit 1\nfi\n# This output is used by Xcode 'outputs' to avoid re-running this script phase.\necho \"SUCCESS\" > \"${SCRIPT_OUTPUT_FILE_0}\"\n";
			showEnvVarsInLog = 0;
		};
		319AC60757559B8DE7DAC50D /* [CP] Embed Pods Frameworks */ = {
			isa = PBXShellScriptBuildPhase;
			buildActionMask = 2147483647;
			files = (
			);
			inputFileListPaths = (
				"${PODS_ROOT}/Target Support Files/Pods-SubManage-SubManageUITests/Pods-SubManage-SubManageUITests-frameworks-${CONFIGURATION}-input-files.xcfilelist",
			);
			name = "[CP] Embed Pods Frameworks";
			outputFileListPaths = (
				"${PODS_ROOT}/Target Support Files/Pods-SubManage-SubManageUITests/Pods-SubManage-SubManageUITests-frameworks-${CONFIGURATION}-output-files.xcfilelist",
			);
			runOnlyForDeploymentPostprocessing = 0;
			shellPath = /bin/sh;
			shellScript = "\"${PODS_ROOT}/Target Support Files/Pods-SubManage-SubManageUITests/Pods-SubManage-SubManageUITests-frameworks.sh\"\n";
			showEnvVarsInLog = 0;
		};
		7EB5DBB9436711788E589C83 /* [CP] Check Pods Manifest.lock */ = {
			isa = PBXShellScriptBuildPhase;
			buildActionMask = 2147483647;
			files = (
			);
			inputFileListPaths = (
			);
			inputPaths = (
				"${PODS_PODFILE_DIR_PATH}/Podfile.lock",
				"${PODS_ROOT}/Manifest.lock",
			);
			name = "[CP] Check Pods Manifest.lock";
			outputFileListPaths = (
			);
			outputPaths = (
				"$(DERIVED_FILE_DIR)/Pods-SubManageTests-checkManifestLockResult.txt",
			);
			runOnlyForDeploymentPostprocessing = 0;
			shellPath = /bin/sh;
			shellScript = "diff \"${PODS_PODFILE_DIR_PATH}/Podfile.lock\" \"${PODS_ROOT}/Manifest.lock\" > /dev/null\nif [ $? != 0 ] ; then\n    # print error to STDERR\n    echo \"error: The sandbox is not in sync with the Podfile.lock. Run 'pod install' or update your CocoaPods installation.\" >&2\n    exit 1\nfi\n# This output is used by Xcode 'outputs' to avoid re-running this script phase.\necho \"SUCCESS\" > \"${SCRIPT_OUTPUT_FILE_0}\"\n";
			showEnvVarsInLog = 0;
		};
		DAD2F84CEA7DE5F68D7CFA7F /* [CP] Check Pods Manifest.lock */ = {
			isa = PBXShellScriptBuildPhase;
			buildActionMask = 2147483647;
			files = (
			);
			inputFileListPaths = (
			);
			inputPaths = (
				"${PODS_PODFILE_DIR_PATH}/Podfile.lock",
				"${PODS_ROOT}/Manifest.lock",
			);
			name = "[CP] Check Pods Manifest.lock";
			outputFileListPaths = (
			);
			outputPaths = (
				"$(DERIVED_FILE_DIR)/Pods-SubManage-checkManifestLockResult.txt",
			);
			runOnlyForDeploymentPostprocessing = 0;
			shellPath = /bin/sh;
			shellScript = "diff \"${PODS_PODFILE_DIR_PATH}/Podfile.lock\" \"${PODS_ROOT}/Manifest.lock\" > /dev/null\nif [ $? != 0 ] ; then\n    # print error to STDERR\n    echo \"error: The sandbox is not in sync with the Podfile.lock. Run 'pod install' or update your CocoaPods installation.\" >&2\n    exit 1\nfi\n# This output is used by Xcode 'outputs' to avoid re-running this script phase.\necho \"SUCCESS\" > \"${SCRIPT_OUTPUT_FILE_0}\"\n";
			showEnvVarsInLog = 0;
		};
		FEBBED0A96561FF717E31400 /* [CP] Embed Pods Frameworks */ = {
			isa = PBXShellScriptBuildPhase;
			buildActionMask = 2147483647;
			files = (
			);
			inputFileListPaths = (
				"${PODS_ROOT}/Target Support Files/Pods-SubManage/Pods-SubManage-frameworks-${CONFIGURATION}-input-files.xcfilelist",
			);
			name = "[CP] Embed Pods Frameworks";
			outputFileListPaths = (
				"${PODS_ROOT}/Target Support Files/Pods-SubManage/Pods-SubManage-frameworks-${CONFIGURATION}-output-files.xcfilelist",
			);
			runOnlyForDeploymentPostprocessing = 0;
			shellPath = /bin/sh;
			shellScript = "\"${PODS_ROOT}/Target Support Files/Pods-SubManage/Pods-SubManage-frameworks.sh\"\n";
			showEnvVarsInLog = 0;
		};
/* End PBXShellScriptBuildPhase section */

/* Begin PBXSourcesBuildPhase section */
		AC3C46C0251C84A400D9200A /* Sources */ = {
			isa = PBXSourcesBuildPhase;
			buildActionMask = 2147483647;
			files = (
				AC3C46CC251C84A400D9200A /* ViewController.swift in Sources */,
				AC3C46C8251C84A400D9200A /* AppDelegate.swift in Sources */,
				AC3C46CA251C84A400D9200A /* SceneDelegate.swift in Sources */,
			);
			runOnlyForDeploymentPostprocessing = 0;
		};
		AC3C46D6251C84A500D9200A /* Sources */ = {
			isa = PBXSourcesBuildPhase;
			buildActionMask = 2147483647;
			files = (
				AC3C46DF251C84A500D9200A /* SubManageTests.swift in Sources */,
			);
			runOnlyForDeploymentPostprocessing = 0;
		};
		AC3C46E1251C84A500D9200A /* Sources */ = {
			isa = PBXSourcesBuildPhase;
			buildActionMask = 2147483647;
			files = (
				AC3C46EA251C84A500D9200A /* SubManageUITests.swift in Sources */,
			);
			runOnlyForDeploymentPostprocessing = 0;
		};
/* End PBXSourcesBuildPhase section */

/* Begin PBXTargetDependency section */
		AC3C46DC251C84A500D9200A /* PBXTargetDependency */ = {
			isa = PBXTargetDependency;
			target = AC3C46C3251C84A400D9200A /* SubManage */;
			targetProxy = AC3C46DB251C84A500D9200A /* PBXContainerItemProxy */;
		};
		AC3C46E7251C84A500D9200A /* PBXTargetDependency */ = {
			isa = PBXTargetDependency;
			target = AC3C46C3251C84A400D9200A /* SubManage */;
			targetProxy = AC3C46E6251C84A500D9200A /* PBXContainerItemProxy */;
		};
/* End PBXTargetDependency section */

/* Begin PBXVariantGroup section */
		AC3C46CD251C84A400D9200A /* Main.storyboard */ = {
			isa = PBXVariantGroup;
			children = (
				AC3C46CE251C84A400D9200A /* Base */,
			);
			name = Main.storyboard;
			sourceTree = "<group>";
		};
		AC3C46D2251C84A500D9200A /* LaunchScreen.storyboard */ = {
			isa = PBXVariantGroup;
			children = (
				AC3C46D3251C84A500D9200A /* Base */,
			);
			name = LaunchScreen.storyboard;
			sourceTree = "<group>";
		};
/* End PBXVariantGroup section */

/* Begin XCBuildConfiguration section */
		AC3C46EC251C84A500D9200A /* Debug */ = {
			isa = XCBuildConfiguration;
			buildSettings = {
				ALWAYS_SEARCH_USER_PATHS = NO;
				CLANG_ANALYZER_NONNULL = YES;
				CLANG_ANALYZER_NUMBER_OBJECT_CONVERSION = YES_AGGRESSIVE;
				CLANG_CXX_LANGUAGE_STANDARD = "gnu++14";
				CLANG_CXX_LIBRARY = "libc++";
				CLANG_ENABLE_MODULES = YES;
				CLANG_ENABLE_OBJC_ARC = YES;
				CLANG_ENABLE_OBJC_WEAK = YES;
				CLANG_WARN_BLOCK_CAPTURE_AUTORELEASING = YES;
				CLANG_WARN_BOOL_CONVERSION = YES;
				CLANG_WARN_COMMA = YES;
				CLANG_WARN_CONSTANT_CONVERSION = YES;
				CLANG_WARN_DEPRECATED_OBJC_IMPLEMENTATIONS = YES;
				CLANG_WARN_DIRECT_OBJC_ISA_USAGE = YES_ERROR;
				CLANG_WARN_DOCUMENTATION_COMMENTS = YES;
				CLANG_WARN_EMPTY_BODY = YES;
				CLANG_WARN_ENUM_CONVERSION = YES;
				CLANG_WARN_INFINITE_RECURSION = YES;
				CLANG_WARN_INT_CONVERSION = YES;
				CLANG_WARN_NON_LITERAL_NULL_CONVERSION = YES;
				CLANG_WARN_OBJC_IMPLICIT_RETAIN_SELF = YES;
				CLANG_WARN_OBJC_LITERAL_CONVERSION = YES;
				CLANG_WARN_OBJC_ROOT_CLASS = YES_ERROR;
				CLANG_WARN_QUOTED_INCLUDE_IN_FRAMEWORK_HEADER = YES;
				CLANG_WARN_RANGE_LOOP_ANALYSIS = YES;
				CLANG_WARN_STRICT_PROTOTYPES = YES;
				CLANG_WARN_SUSPICIOUS_MOVE = YES;
				CLANG_WARN_UNGUARDED_AVAILABILITY = YES_AGGRESSIVE;
				CLANG_WARN_UNREACHABLE_CODE = YES;
				CLANG_WARN__DUPLICATE_METHOD_MATCH = YES;
				COPY_PHASE_STRIP = NO;
				DEBUG_INFORMATION_FORMAT = dwarf;
				ENABLE_STRICT_OBJC_MSGSEND = YES;
				ENABLE_TESTABILITY = YES;
				GCC_C_LANGUAGE_STANDARD = gnu11;
				GCC_DYNAMIC_NO_PIC = NO;
				GCC_NO_COMMON_BLOCKS = YES;
				GCC_OPTIMIZATION_LEVEL = 0;
				GCC_PREPROCESSOR_DEFINITIONS = (
					"DEBUG=1",
					"$(inherited)",
				);
				GCC_WARN_64_TO_32_BIT_CONVERSION = YES;
				GCC_WARN_ABOUT_RETURN_TYPE = YES_ERROR;
				GCC_WARN_UNDECLARED_SELECTOR = YES;
				GCC_WARN_UNINITIALIZED_AUTOS = YES_AGGRESSIVE;
				GCC_WARN_UNUSED_FUNCTION = YES;
				GCC_WARN_UNUSED_VARIABLE = YES;
				IPHONEOS_DEPLOYMENT_TARGET = 14.0;
				MTL_ENABLE_DEBUG_INFO = INCLUDE_SOURCE;
				MTL_FAST_MATH = YES;
				ONLY_ACTIVE_ARCH = YES;
				SDKROOT = iphoneos;
				SWIFT_ACTIVE_COMPILATION_CONDITIONS = DEBUG;
				SWIFT_OPTIMIZATION_LEVEL = "-Onone";
			};
			name = Debug;
		};
		AC3C46ED251C84A500D9200A /* Release */ = {
			isa = XCBuildConfiguration;
			buildSettings = {
				ALWAYS_SEARCH_USER_PATHS = NO;
				CLANG_ANALYZER_NONNULL = YES;
				CLANG_ANALYZER_NUMBER_OBJECT_CONVERSION = YES_AGGRESSIVE;
				CLANG_CXX_LANGUAGE_STANDARD = "gnu++14";
				CLANG_CXX_LIBRARY = "libc++";
				CLANG_ENABLE_MODULES = YES;
				CLANG_ENABLE_OBJC_ARC = YES;
				CLANG_ENABLE_OBJC_WEAK = YES;
				CLANG_WARN_BLOCK_CAPTURE_AUTORELEASING = YES;
				CLANG_WARN_BOOL_CONVERSION = YES;
				CLANG_WARN_COMMA = YES;
				CLANG_WARN_CONSTANT_CONVERSION = YES;
				CLANG_WARN_DEPRECATED_OBJC_IMPLEMENTATIONS = YES;
				CLANG_WARN_DIRECT_OBJC_ISA_USAGE = YES_ERROR;
				CLANG_WARN_DOCUMENTATION_COMMENTS = YES;
				CLANG_WARN_EMPTY_BODY = YES;
				CLANG_WARN_ENUM_CONVERSION = YES;
				CLANG_WARN_INFINITE_RECURSION = YES;
				CLANG_WARN_INT_CONVERSION = YES;
				CLANG_WARN_NON_LITERAL_NULL_CONVERSION = YES;
				CLANG_WARN_OBJC_IMPLICIT_RETAIN_SELF = YES;
				CLANG_WARN_OBJC_LITERAL_CONVERSION = YES;
				CLANG_WARN_OBJC_ROOT_CLASS = YES_ERROR;
				CLANG_WARN_QUOTED_INCLUDE_IN_FRAMEWORK_HEADER = YES;
				CLANG_WARN_RANGE_LOOP_ANALYSIS = YES;
				CLANG_WARN_STRICT_PROTOTYPES = YES;
				CLANG_WARN_SUSPICIOUS_MOVE = YES;
				CLANG_WARN_UNGUARDED_AVAILABILITY = YES_AGGRESSIVE;
				CLANG_WARN_UNREACHABLE_CODE = YES;
				CLANG_WARN__DUPLICATE_METHOD_MATCH = YES;
				COPY_PHASE_STRIP = NO;
				DEBUG_INFORMATION_FORMAT = "dwarf-with-dsym";
				ENABLE_NS_ASSERTIONS = NO;
				ENABLE_STRICT_OBJC_MSGSEND = YES;
				GCC_C_LANGUAGE_STANDARD = gnu11;
				GCC_NO_COMMON_BLOCKS = YES;
				GCC_WARN_64_TO_32_BIT_CONVERSION = YES;
				GCC_WARN_ABOUT_RETURN_TYPE = YES_ERROR;
				GCC_WARN_UNDECLARED_SELECTOR = YES;
				GCC_WARN_UNINITIALIZED_AUTOS = YES_AGGRESSIVE;
				GCC_WARN_UNUSED_FUNCTION = YES;
				GCC_WARN_UNUSED_VARIABLE = YES;
				IPHONEOS_DEPLOYMENT_TARGET = 14.0;
				MTL_ENABLE_DEBUG_INFO = NO;
				MTL_FAST_MATH = YES;
				SDKROOT = iphoneos;
				SWIFT_COMPILATION_MODE = wholemodule;
				SWIFT_OPTIMIZATION_LEVEL = "-O";
				VALIDATE_PRODUCT = YES;
			};
			name = Release;
		};
		AC3C46EF251C84A500D9200A /* Debug */ = {
			isa = XCBuildConfiguration;
			baseConfigurationReference = BE006C150F17C6BB21D9F870 /* Pods-SubManage.debug.xcconfig */;
			buildSettings = {
				ASSETCATALOG_COMPILER_APPICON_NAME = AppIcon;
				ASSETCATALOG_COMPILER_GLOBAL_ACCENT_COLOR_NAME = AccentColor;
				CODE_SIGN_STYLE = Automatic;
				DEVELOPMENT_TEAM = 6P6T78SAL9;
				INFOPLIST_FILE = SubManage/Info.plist;
				LD_RUNPATH_SEARCH_PATHS = (
					"$(inherited)",
					"@executable_path/Frameworks",
				);
				PRODUCT_BUNDLE_IDENTIFIER = com.takafumiwao.SubManage;
				PRODUCT_NAME = "$(TARGET_NAME)";
				SWIFT_VERSION = 5.0;
				TARGETED_DEVICE_FAMILY = "1,2";
			};
			name = Debug;
		};
		AC3C46F0251C84A500D9200A /* Release */ = {
			isa = XCBuildConfiguration;
			baseConfigurationReference = 03677B1E89E4C49768EB079B /* Pods-SubManage.release.xcconfig */;
			buildSettings = {
				ASSETCATALOG_COMPILER_APPICON_NAME = AppIcon;
				ASSETCATALOG_COMPILER_GLOBAL_ACCENT_COLOR_NAME = AccentColor;
				CODE_SIGN_STYLE = Automatic;
				DEVELOPMENT_TEAM = 6P6T78SAL9;
				INFOPLIST_FILE = SubManage/Info.plist;
				LD_RUNPATH_SEARCH_PATHS = (
					"$(inherited)",
					"@executable_path/Frameworks",
				);
				PRODUCT_BUNDLE_IDENTIFIER = com.takafumiwao.SubManage;
				PRODUCT_NAME = "$(TARGET_NAME)";
				SWIFT_VERSION = 5.0;
				TARGETED_DEVICE_FAMILY = "1,2";
			};
			name = Release;
		};
		AC3C46F2251C84A500D9200A /* Debug */ = {
			isa = XCBuildConfiguration;
			baseConfigurationReference = 621D2EA3E9E4F1A773B4DA17 /* Pods-SubManageTests.debug.xcconfig */;
			buildSettings = {
				ALWAYS_EMBED_SWIFT_STANDARD_LIBRARIES = YES;
				BUNDLE_LOADER = "$(TEST_HOST)";
				CODE_SIGN_STYLE = Automatic;
				DEVELOPMENT_TEAM = 6P6T78SAL9;
				INFOPLIST_FILE = SubManageTests/Info.plist;
				IPHONEOS_DEPLOYMENT_TARGET = 14.0;
				LD_RUNPATH_SEARCH_PATHS = (
					"$(inherited)",
					"@executable_path/Frameworks",
					"@loader_path/Frameworks",
				);
				PRODUCT_BUNDLE_IDENTIFIER = com.takafumiwao.SubManageTests;
				PRODUCT_NAME = "$(TARGET_NAME)";
				SWIFT_VERSION = 5.0;
				TARGETED_DEVICE_FAMILY = "1,2";
				TEST_HOST = "$(BUILT_PRODUCTS_DIR)/SubManage.app/SubManage";
			};
			name = Debug;
		};
		AC3C46F3251C84A500D9200A /* Release */ = {
			isa = XCBuildConfiguration;
			baseConfigurationReference = 81CDFF45B9A8422221E76839 /* Pods-SubManageTests.release.xcconfig */;
			buildSettings = {
				ALWAYS_EMBED_SWIFT_STANDARD_LIBRARIES = YES;
				BUNDLE_LOADER = "$(TEST_HOST)";
				CODE_SIGN_STYLE = Automatic;
				DEVELOPMENT_TEAM = 6P6T78SAL9;
				INFOPLIST_FILE = SubManageTests/Info.plist;
				IPHONEOS_DEPLOYMENT_TARGET = 14.0;
				LD_RUNPATH_SEARCH_PATHS = (
					"$(inherited)",
					"@executable_path/Frameworks",
					"@loader_path/Frameworks",
				);
				PRODUCT_BUNDLE_IDENTIFIER = com.takafumiwao.SubManageTests;
				PRODUCT_NAME = "$(TARGET_NAME)";
				SWIFT_VERSION = 5.0;
				TARGETED_DEVICE_FAMILY = "1,2";
				TEST_HOST = "$(BUILT_PRODUCTS_DIR)/SubManage.app/SubManage";
			};
			name = Release;
		};
		AC3C46F5251C84A500D9200A /* Debug */ = {
			isa = XCBuildConfiguration;
			baseConfigurationReference = 1774DFB4F589CC2241ED7906 /* Pods-SubManage-SubManageUITests.debug.xcconfig */;
			buildSettings = {
				ALWAYS_EMBED_SWIFT_STANDARD_LIBRARIES = YES;
				CODE_SIGN_STYLE = Automatic;
				DEVELOPMENT_TEAM = 6P6T78SAL9;
				INFOPLIST_FILE = SubManageUITests/Info.plist;
				LD_RUNPATH_SEARCH_PATHS = (
					"$(inherited)",
					"@executable_path/Frameworks",
					"@loader_path/Frameworks",
				);
				PRODUCT_BUNDLE_IDENTIFIER = com.takafumiwao.SubManageUITests;
				PRODUCT_NAME = "$(TARGET_NAME)";
				SWIFT_VERSION = 5.0;
				TARGETED_DEVICE_FAMILY = "1,2";
				TEST_TARGET_NAME = SubManage;
			};
			name = Debug;
		};
		AC3C46F6251C84A500D9200A /* Release */ = {
			isa = XCBuildConfiguration;
			baseConfigurationReference = 05CF27F7AC2C64E5541E2BF5 /* Pods-SubManage-SubManageUITests.release.xcconfig */;
			buildSettings = {
				ALWAYS_EMBED_SWIFT_STANDARD_LIBRARIES = YES;
				CODE_SIGN_STYLE = Automatic;
				DEVELOPMENT_TEAM = 6P6T78SAL9;
				INFOPLIST_FILE = SubManageUITests/Info.plist;
				LD_RUNPATH_SEARCH_PATHS = (
					"$(inherited)",
					"@executable_path/Frameworks",
					"@loader_path/Frameworks",
				);
				PRODUCT_BUNDLE_IDENTIFIER = com.takafumiwao.SubManageUITests;
				PRODUCT_NAME = "$(TARGET_NAME)";
				SWIFT_VERSION = 5.0;
				TARGETED_DEVICE_FAMILY = "1,2";
				TEST_TARGET_NAME = SubManage;
			};
			name = Release;
		};
/* End XCBuildConfiguration section */

/* Begin XCConfigurationList section */
		AC3C46BF251C84A400D9200A /* Build configuration list for PBXProject "SubManage" */ = {
			isa = XCConfigurationList;
			buildConfigurations = (
				AC3C46EC251C84A500D9200A /* Debug */,
				AC3C46ED251C84A500D9200A /* Release */,
			);
			defaultConfigurationIsVisible = 0;
			defaultConfigurationName = Release;
		};
		AC3C46EE251C84A500D9200A /* Build configuration list for PBXNativeTarget "SubManage" */ = {
			isa = XCConfigurationList;
			buildConfigurations = (
				AC3C46EF251C84A500D9200A /* Debug */,
				AC3C46F0251C84A500D9200A /* Release */,
			);
			defaultConfigurationIsVisible = 0;
			defaultConfigurationName = Release;
		};
		AC3C46F1251C84A500D9200A /* Build configuration list for PBXNativeTarget "SubManageTests" */ = {
			isa = XCConfigurationList;
			buildConfigurations = (
				AC3C46F2251C84A500D9200A /* Debug */,
				AC3C46F3251C84A500D9200A /* Release */,
			);
			defaultConfigurationIsVisible = 0;
			defaultConfigurationName = Release;
		};
		AC3C46F4251C84A500D9200A /* Build configuration list for PBXNativeTarget "SubManageUITests" */ = {
			isa = XCConfigurationList;
			buildConfigurations = (
				AC3C46F5251C84A500D9200A /* Debug */,
				AC3C46F6251C84A500D9200A /* Release */,
			);
			defaultConfigurationIsVisible = 0;
			defaultConfigurationName = Release;
		};
/* End XCConfigurationList section */
	};
	rootObject = AC3C46BC251C84A400D9200A /* Project object */;
}
